// !$*UTF8*$!
{
	archiveVersion = 1;
	classes = {
	};
	objectVersion = 50;
	objects = {

/* Begin PBXBuildFile section */
		8C2ACFB7207359DD004E6A84 /* Lightningd.framework in Frameworks */ = {isa = PBXBuildFile; fileRef = 8C2ACFB6207359DD004E6A84 /* Lightningd.framework */; };
		8C2FC7082073513700966D31 /* AppDelegate.swift in Sources */ = {isa = PBXBuildFile; fileRef = 8C2FC7072073513700966D31 /* AppDelegate.swift */; };
		8C2FC70A2073513700966D31 /* ViewController.swift in Sources */ = {isa = PBXBuildFile; fileRef = 8C2FC7092073513700966D31 /* ViewController.swift */; };
		8C2FC70D2073513700966D31 /* Main.storyboard in Resources */ = {isa = PBXBuildFile; fileRef = 8C2FC70B2073513700966D31 /* Main.storyboard */; };
		8C2FC70F2073513800966D31 /* Assets.xcassets in Resources */ = {isa = PBXBuildFile; fileRef = 8C2FC70E2073513800966D31 /* Assets.xcassets */; };
		8C2FC7122073513800966D31 /* LaunchScreen.storyboard in Resources */ = {isa = PBXBuildFile; fileRef = 8C2FC7102073513800966D31 /* LaunchScreen.storyboard */; };
		8C7D3101207542CA0068F2BD /* rpc.pb.swift in Sources */ = {isa = PBXBuildFile; fileRef = 8C7D3100207542CA0068F2BD /* rpc.pb.swift */; };
		8C7D310820755CE00068F2BD /* SCLog.swift in Sources */ = {isa = PBXBuildFile; fileRef = 8C7D310720755CE00068F2BD /* SCLog.swift */; };
		B6B514D5D47CE23C7C8010FE /* Pods_SwiftLightning.framework in Frameworks */ = {isa = PBXBuildFile; fileRef = 099CDE225581DAF3DD2A9ECF /* Pods_SwiftLightning.framework */; };
/* End PBXBuildFile section */

/* Begin PBXFileReference section */
		099CDE225581DAF3DD2A9ECF /* Pods_SwiftLightning.framework */ = {isa = PBXFileReference; explicitFileType = wrapper.framework; includeInIndex = 0; path = Pods_SwiftLightning.framework; sourceTree = BUILT_PRODUCTS_DIR; };
		8292E2C0A97224CAF9B4332E /* Pods-SwiftLightning.release.xcconfig */ = {isa = PBXFileReference; includeInIndex = 1; lastKnownFileType = text.xcconfig; name = "Pods-SwiftLightning.release.xcconfig"; path = "Pods/Target Support Files/Pods-SwiftLightning/Pods-SwiftLightning.release.xcconfig"; sourceTree = "<group>"; };
		8C2ACFB6207359DD004E6A84 /* Lightningd.framework */ = {isa = PBXFileReference; lastKnownFileType = wrapper.framework; path = Lightningd.framework; sourceTree = "<group>"; };
		8C2FC7042073513700966D31 /* SwiftLightning.app */ = {isa = PBXFileReference; explicitFileType = wrapper.application; includeInIndex = 0; path = SwiftLightning.app; sourceTree = BUILT_PRODUCTS_DIR; };
		8C2FC7072073513700966D31 /* AppDelegate.swift */ = {isa = PBXFileReference; lastKnownFileType = sourcecode.swift; path = AppDelegate.swift; sourceTree = "<group>"; };
		8C2FC7092073513700966D31 /* ViewController.swift */ = {isa = PBXFileReference; lastKnownFileType = sourcecode.swift; path = ViewController.swift; sourceTree = "<group>"; };
		8C2FC70C2073513700966D31 /* Base */ = {isa = PBXFileReference; lastKnownFileType = file.storyboard; name = Base; path = Base.lproj/Main.storyboard; sourceTree = "<group>"; };
		8C2FC70E2073513800966D31 /* Assets.xcassets */ = {isa = PBXFileReference; lastKnownFileType = folder.assetcatalog; path = Assets.xcassets; sourceTree = "<group>"; };
		8C2FC7112073513800966D31 /* Base */ = {isa = PBXFileReference; lastKnownFileType = file.storyboard; name = Base; path = Base.lproj/LaunchScreen.storyboard; sourceTree = "<group>"; };
		8C2FC7132073513900966D31 /* Info.plist */ = {isa = PBXFileReference; lastKnownFileType = text.plist.xml; path = Info.plist; sourceTree = "<group>"; };
		8C7D3100207542CA0068F2BD /* rpc.pb.swift */ = {isa = PBXFileReference; fileEncoding = 4; lastKnownFileType = sourcecode.swift; path = rpc.pb.swift; sourceTree = "<group>"; };
		8C7D310720755CE00068F2BD /* SCLog.swift */ = {isa = PBXFileReference; lastKnownFileType = sourcecode.swift; path = SCLog.swift; sourceTree = "<group>"; };
		A3538100590C9418BE927FF7 /* Pods-SwiftLightning.debug.xcconfig */ = {isa = PBXFileReference; includeInIndex = 1; lastKnownFileType = text.xcconfig; name = "Pods-SwiftLightning.debug.xcconfig"; path = "Pods/Target Support Files/Pods-SwiftLightning/Pods-SwiftLightning.debug.xcconfig"; sourceTree = "<group>"; };
/* End PBXFileReference section */

/* Begin PBXFrameworksBuildPhase section */
		8C2FC7012073513600966D31 /* Frameworks */ = {
			isa = PBXFrameworksBuildPhase;
			buildActionMask = 2147483647;
			files = (
				8C2ACFB7207359DD004E6A84 /* Lightningd.framework in Frameworks */,
				B6B514D5D47CE23C7C8010FE /* Pods_SwiftLightning.framework in Frameworks */,
			);
			runOnlyForDeploymentPostprocessing = 0;
		};
/* End PBXFrameworksBuildPhase section */

/* Begin PBXGroup section */
		54857E4EC15F1FF28D39F6FE /* Frameworks */ = {
			isa = PBXGroup;
			children = (
				8C2ACFB6207359DD004E6A84 /* Lightningd.framework */,
				099CDE225581DAF3DD2A9ECF /* Pods_SwiftLightning.framework */,
			);
			name = Frameworks;
			sourceTree = "<group>";
		};
		8C2FC6FB2073513600966D31 = {
			isa = PBXGroup;
			children = (
				8C2FC7062073513700966D31 /* SwiftLightning */,
				8C7D30FE207542090068F2BD /* Protobuf */,
				8C2FC7052073513700966D31 /* Products */,
				AE3AC051CBE548BC89273011 /* Pods */,
				54857E4EC15F1FF28D39F6FE /* Frameworks */,
			);
			sourceTree = "<group>";
		};
		8C2FC7052073513700966D31 /* Products */ = {
			isa = PBXGroup;
			children = (
				8C2FC7042073513700966D31 /* SwiftLightning.app */,
			);
			name = Products;
			sourceTree = "<group>";
		};
		8C2FC7062073513700966D31 /* SwiftLightning */ = {
			isa = PBXGroup;
			children = (
				8C7D310620755AF00068F2BD /* Assets */,
				8C7D310220755A050068F2BD /* Support Files */,
				8C7D310320755ADE0068F2BD /* Model */,
				8C7D310420755AE30068F2BD /* View */,
				8C7D310520755AE80068F2BD /* Controller */,
			);
			path = SwiftLightning;
			sourceTree = "<group>";
		};
		8C7D30FE207542090068F2BD /* Protobuf */ = {
			isa = PBXGroup;
			children = (
				8C7D3100207542CA0068F2BD /* rpc.pb.swift */,
			);
			path = Protobuf;
			sourceTree = "<group>";
		};
		8C7D310220755A050068F2BD /* Support Files */ = {
			isa = PBXGroup;
			children = (
				8C2FC7132073513900966D31 /* Info.plist */,
				8C2FC7072073513700966D31 /* AppDelegate.swift */,
				8C7D310720755CE00068F2BD /* SCLog.swift */,
			);
			path = "Support Files";
			sourceTree = "<group>";
		};
		8C7D310320755ADE0068F2BD /* Model */ = {
			isa = PBXGroup;
			children = (
			);
			path = Model;
			sourceTree = "<group>";
		};
		8C7D310420755AE30068F2BD /* View */ = {
			isa = PBXGroup;
			children = (
				8C2FC7102073513800966D31 /* LaunchScreen.storyboard */,
				8C2FC70B2073513700966D31 /* Main.storyboard */,
			);
			path = View;
			sourceTree = "<group>";
		};
		8C7D310520755AE80068F2BD /* Controller */ = {
			isa = PBXGroup;
			children = (
				8C2FC7092073513700966D31 /* ViewController.swift */,
			);
			path = Controller;
			sourceTree = "<group>";
		};
		8C7D310620755AF00068F2BD /* Assets */ = {
			isa = PBXGroup;
			children = (
				8C2FC70E2073513800966D31 /* Assets.xcassets */,
			);
			path = Assets;
			sourceTree = "<group>";
		};
		AE3AC051CBE548BC89273011 /* Pods */ = {
			isa = PBXGroup;
			children = (
				A3538100590C9418BE927FF7 /* Pods-SwiftLightning.debug.xcconfig */,
				8292E2C0A97224CAF9B4332E /* Pods-SwiftLightning.release.xcconfig */,
			);
			name = Pods;
			sourceTree = "<group>";
		};
/* End PBXGroup section */

/* Begin PBXNativeTarget section */
		8C2FC7032073513600966D31 /* SwiftLightning */ = {
			isa = PBXNativeTarget;
			buildConfigurationList = 8C2FC7162073513900966D31 /* Build configuration list for PBXNativeTarget "SwiftLightning" */;
			buildPhases = (
				D139D666AEE5A8757029721C /* [CP] Check Pods Manifest.lock */,
				8C2FC7002073513600966D31 /* Sources */,
				8C2FC7012073513600966D31 /* Frameworks */,
				8C2FC7022073513600966D31 /* Resources */,
				7DC2F53F6532F2C474D27B21 /* [CP] Embed Pods Frameworks */,
				7A3B0011FD8D2C8AA6054ED5 /* [CP] Copy Pods Resources */,
				8C7D3109207575B00068F2BD /* Fabric Run Script */,
			);
			buildRules = (
			);
			dependencies = (
			);
			name = SwiftLightning;
			productName = SwiftLightning;
			productReference = 8C2FC7042073513700966D31 /* SwiftLightning.app */;
			productType = "com.apple.product-type.application";
		};
/* End PBXNativeTarget section */

/* Begin PBXProject section */
		8C2FC6FC2073513600966D31 /* Project object */ = {
			isa = PBXProject;
			attributes = {
				LastSwiftUpdateCheck = 0930;
				LastUpgradeCheck = 0930;
				ORGANIZATIONNAME = BiscottiGelato;
				TargetAttributes = {
					8C2FC7032073513600966D31 = {
						CreatedOnToolsVersion = 9.3;
					};
				};
			};
			buildConfigurationList = 8C2FC6FF2073513600966D31 /* Build configuration list for PBXProject "SwiftLightning" */;
			compatibilityVersion = "Xcode 9.3";
			developmentRegion = en;
			hasScannedForEncodings = 0;
			knownRegions = (
				en,
				Base,
			);
			mainGroup = 8C2FC6FB2073513600966D31;
			productRefGroup = 8C2FC7052073513700966D31 /* Products */;
			projectDirPath = "";
			projectRoot = "";
			targets = (
				8C2FC7032073513600966D31 /* SwiftLightning */,
			);
		};
/* End PBXProject section */

/* Begin PBXResourcesBuildPhase section */
		8C2FC7022073513600966D31 /* Resources */ = {
			isa = PBXResourcesBuildPhase;
			buildActionMask = 2147483647;
			files = (
				8C2FC7122073513800966D31 /* LaunchScreen.storyboard in Resources */,
				8C2FC70F2073513800966D31 /* Assets.xcassets in Resources */,
				8C2FC70D2073513700966D31 /* Main.storyboard in Resources */,
			);
			runOnlyForDeploymentPostprocessing = 0;
		};
/* End PBXResourcesBuildPhase section */

/* Begin PBXShellScriptBuildPhase section */
		7A3B0011FD8D2C8AA6054ED5 /* [CP] Copy Pods Resources */ = {
			isa = PBXShellScriptBuildPhase;
			buildActionMask = 2147483647;
			files = (
			);
			inputPaths = (
			);
			name = "[CP] Copy Pods Resources";
			outputPaths = (
			);
			runOnlyForDeploymentPostprocessing = 0;
			shellPath = /bin/sh;
			shellScript = "\"${SRCROOT}/Pods/Target Support Files/Pods-SwiftLightning/Pods-SwiftLightning-resources.sh\"\n";
			showEnvVarsInLog = 0;
		};
		7DC2F53F6532F2C474D27B21 /* [CP] Embed Pods Frameworks */ = {
			isa = PBXShellScriptBuildPhase;
			buildActionMask = 2147483647;
			files = (
			);
			inputPaths = (
				"${SRCROOT}/Pods/Target Support Files/Pods-SwiftLightning/Pods-SwiftLightning-frameworks.sh",
				"${BUILT_PRODUCTS_DIR}/CocoaLumberjack/CocoaLumberjack.framework",
				"${BUILT_PRODUCTS_DIR}/SwiftProtobuf/SwiftProtobuf.framework",
			);
			name = "[CP] Embed Pods Frameworks";
			outputPaths = (
				"${TARGET_BUILD_DIR}/${FRAMEWORKS_FOLDER_PATH}/CocoaLumberjack.framework",
				"${TARGET_BUILD_DIR}/${FRAMEWORKS_FOLDER_PATH}/SwiftProtobuf.framework",
			);
			runOnlyForDeploymentPostprocessing = 0;
			shellPath = /bin/sh;
			shellScript = "\"${SRCROOT}/Pods/Target Support Files/Pods-SwiftLightning/Pods-SwiftLightning-frameworks.sh\"\n";
			showEnvVarsInLog = 0;
		};
		8C7D3109207575B00068F2BD /* Fabric Run Script */ = {
			isa = PBXShellScriptBuildPhase;
			buildActionMask = 2147483647;
			files = (
			);
			inputPaths = (
			);
			name = "Fabric Run Script";
			outputPaths = (
			);
			runOnlyForDeploymentPostprocessing = 0;
			shellPath = /bin/sh;
			shellScript = "\"${PODS_ROOT}/Fabric/run\" 1da5cda251ab04004b33cd509f646eea4502ec5f c9b33ad9bb930a99b625e2d5783a8af4cc5dd757c721dd6ff0366da4f03c847e";
		};
		D139D666AEE5A8757029721C /* [CP] Check Pods Manifest.lock */ = {
			isa = PBXShellScriptBuildPhase;
			buildActionMask = 2147483647;
			files = (
			);
			inputPaths = (
				"${PODS_PODFILE_DIR_PATH}/Podfile.lock",
				"${PODS_ROOT}/Manifest.lock",
			);
			name = "[CP] Check Pods Manifest.lock";
			outputPaths = (
				"$(DERIVED_FILE_DIR)/Pods-SwiftLightning-checkManifestLockResult.txt",
			);
			runOnlyForDeploymentPostprocessing = 0;
			shellPath = /bin/sh;
			shellScript = "diff \"${PODS_PODFILE_DIR_PATH}/Podfile.lock\" \"${PODS_ROOT}/Manifest.lock\" > /dev/null\nif [ $? != 0 ] ; then\n    # print error to STDERR\n    echo \"error: The sandbox is not in sync with the Podfile.lock. Run 'pod install' or update your CocoaPods installation.\" >&2\n    exit 1\nfi\n# This output is used by Xcode 'outputs' to avoid re-running this script phase.\necho \"SUCCESS\" > \"${SCRIPT_OUTPUT_FILE_0}\"\n";
			showEnvVarsInLog = 0;
		};
/* End PBXShellScriptBuildPhase section */

/* Begin PBXSourcesBuildPhase section */
		8C2FC7002073513600966D31 /* Sources */ = {
			isa = PBXSourcesBuildPhase;
			buildActionMask = 2147483647;
			files = (
				8C7D310820755CE00068F2BD /* SCLog.swift in Sources */,
				8C7D3101207542CA0068F2BD /* rpc.pb.swift in Sources */,
				8C2FC70A2073513700966D31 /* ViewController.swift in Sources */,
				8C2FC7082073513700966D31 /* AppDelegate.swift in Sources */,
			);
			runOnlyForDeploymentPostprocessing = 0;
		};
/* End PBXSourcesBuildPhase section */

/* Begin PBXVariantGroup section */
		8C2FC70B2073513700966D31 /* Main.storyboard */ = {
			isa = PBXVariantGroup;
			children = (
				8C2FC70C2073513700966D31 /* Base */,
			);
			name = Main.storyboard;
			sourceTree = "<group>";
		};
		8C2FC7102073513800966D31 /* LaunchScreen.storyboard */ = {
			isa = PBXVariantGroup;
			children = (
				8C2FC7112073513800966D31 /* Base */,
			);
			name = LaunchScreen.storyboard;
			sourceTree = "<group>";
		};
/* End PBXVariantGroup section */

/* Begin XCBuildConfiguration section */
		8C2FC7142073513900966D31 /* Debug */ = {
			isa = XCBuildConfiguration;
			buildSettings = {
				ALWAYS_SEARCH_USER_PATHS = NO;
				CLANG_ANALYZER_NONNULL = YES;
				CLANG_ANALYZER_NUMBER_OBJECT_CONVERSION = YES_AGGRESSIVE;
				CLANG_CXX_LANGUAGE_STANDARD = "gnu++14";
				CLANG_CXX_LIBRARY = "libc++";
				CLANG_ENABLE_MODULES = YES;
				CLANG_ENABLE_OBJC_ARC = YES;
				CLANG_ENABLE_OBJC_WEAK = YES;
				CLANG_WARN_BLOCK_CAPTURE_AUTORELEASING = YES;
				CLANG_WARN_BOOL_CONVERSION = YES;
				CLANG_WARN_COMMA = YES;
				CLANG_WARN_CONSTANT_CONVERSION = YES;
				CLANG_WARN_DEPRECATED_OBJC_IMPLEMENTATIONS = YES;
				CLANG_WARN_DIRECT_OBJC_ISA_USAGE = YES_ERROR;
				CLANG_WARN_DOCUMENTATION_COMMENTS = YES;
				CLANG_WARN_EMPTY_BODY = YES;
				CLANG_WARN_ENUM_CONVERSION = YES;
				CLANG_WARN_INFINITE_RECURSION = YES;
				CLANG_WARN_INT_CONVERSION = YES;
				CLANG_WARN_NON_LITERAL_NULL_CONVERSION = YES;
				CLANG_WARN_OBJC_IMPLICIT_RETAIN_SELF = YES;
				CLANG_WARN_OBJC_LITERAL_CONVERSION = YES;
				CLANG_WARN_OBJC_ROOT_CLASS = YES_ERROR;
				CLANG_WARN_RANGE_LOOP_ANALYSIS = YES;
				CLANG_WARN_STRICT_PROTOTYPES = YES;
				CLANG_WARN_SUSPICIOUS_MOVE = YES;
				CLANG_WARN_UNGUARDED_AVAILABILITY = YES_AGGRESSIVE;
				CLANG_WARN_UNREACHABLE_CODE = YES;
				CLANG_WARN__DUPLICATE_METHOD_MATCH = YES;
				CODE_SIGN_IDENTITY = "iPhone Developer";
				COPY_PHASE_STRIP = NO;
				DEBUG_INFORMATION_FORMAT = dwarf;
				ENABLE_STRICT_OBJC_MSGSEND = YES;
				ENABLE_TESTABILITY = YES;
				GCC_C_LANGUAGE_STANDARD = gnu11;
				GCC_DYNAMIC_NO_PIC = NO;
				GCC_NO_COMMON_BLOCKS = YES;
				GCC_OPTIMIZATION_LEVEL = 0;
				GCC_PREPROCESSOR_DEFINITIONS = (
					"DEBUG=1",
					"$(inherited)",
				);
				GCC_WARN_64_TO_32_BIT_CONVERSION = YES;
				GCC_WARN_ABOUT_RETURN_TYPE = YES_ERROR;
				GCC_WARN_UNDECLARED_SELECTOR = YES;
				GCC_WARN_UNINITIALIZED_AUTOS = YES_AGGRESSIVE;
				GCC_WARN_UNUSED_FUNCTION = YES;
				GCC_WARN_UNUSED_VARIABLE = YES;
				IPHONEOS_DEPLOYMENT_TARGET = 10.0;
				MTL_ENABLE_DEBUG_INFO = YES;
				ONLY_ACTIVE_ARCH = YES;
				SDKROOT = iphoneos;
				SWIFT_ACTIVE_COMPILATION_CONDITIONS = DEBUG;
				SWIFT_OPTIMIZATION_LEVEL = "-Onone";
			};
			name = Debug;
		};
		8C2FC7152073513900966D31 /* Release */ = {
			isa = XCBuildConfiguration;
			buildSettings = {
				ALWAYS_SEARCH_USER_PATHS = NO;
				CLANG_ANALYZER_NONNULL = YES;
				CLANG_ANALYZER_NUMBER_OBJECT_CONVERSION = YES_AGGRESSIVE;
				CLANG_CXX_LANGUAGE_STANDARD = "gnu++14";
				CLANG_CXX_LIBRARY = "libc++";
				CLANG_ENABLE_MODULES = YES;
				CLANG_ENABLE_OBJC_ARC = YES;
				CLANG_ENABLE_OBJC_WEAK = YES;
				CLANG_WARN_BLOCK_CAPTURE_AUTORELEASING = YES;
				CLANG_WARN_BOOL_CONVERSION = YES;
				CLANG_WARN_COMMA = YES;
				CLANG_WARN_CONSTANT_CONVERSION = YES;
				CLANG_WARN_DEPRECATED_OBJC_IMPLEMENTATIONS = YES;
				CLANG_WARN_DIRECT_OBJC_ISA_USAGE = YES_ERROR;
				CLANG_WARN_DOCUMENTATION_COMMENTS = YES;
				CLANG_WARN_EMPTY_BODY = YES;
				CLANG_WARN_ENUM_CONVERSION = YES;
				CLANG_WARN_INFINITE_RECURSION = YES;
				CLANG_WARN_INT_CONVERSION = YES;
				CLANG_WARN_NON_LITERAL_NULL_CONVERSION = YES;
				CLANG_WARN_OBJC_IMPLICIT_RETAIN_SELF = YES;
				CLANG_WARN_OBJC_LITERAL_CONVERSION = YES;
				CLANG_WARN_OBJC_ROOT_CLASS = YES_ERROR;
				CLANG_WARN_RANGE_LOOP_ANALYSIS = YES;
				CLANG_WARN_STRICT_PROTOTYPES = YES;
				CLANG_WARN_SUSPICIOUS_MOVE = YES;
				CLANG_WARN_UNGUARDED_AVAILABILITY = YES_AGGRESSIVE;
				CLANG_WARN_UNREACHABLE_CODE = YES;
				CLANG_WARN__DUPLICATE_METHOD_MATCH = YES;
				CODE_SIGN_IDENTITY = "iPhone Developer";
				COPY_PHASE_STRIP = NO;
				DEBUG_INFORMATION_FORMAT = "dwarf-with-dsym";
				ENABLE_NS_ASSERTIONS = NO;
				ENABLE_STRICT_OBJC_MSGSEND = YES;
				GCC_C_LANGUAGE_STANDARD = gnu11;
				GCC_NO_COMMON_BLOCKS = YES;
				GCC_WARN_64_TO_32_BIT_CONVERSION = YES;
				GCC_WARN_ABOUT_RETURN_TYPE = YES_ERROR;
				GCC_WARN_UNDECLARED_SELECTOR = YES;
				GCC_WARN_UNINITIALIZED_AUTOS = YES_AGGRESSIVE;
				GCC_WARN_UNUSED_FUNCTION = YES;
				GCC_WARN_UNUSED_VARIABLE = YES;
				IPHONEOS_DEPLOYMENT_TARGET = 10.0;
				MTL_ENABLE_DEBUG_INFO = NO;
				SDKROOT = iphoneos;
				SWIFT_COMPILATION_MODE = wholemodule;
				SWIFT_OPTIMIZATION_LEVEL = "-O";
				VALIDATE_PRODUCT = YES;
			};
			name = Release;
		};
		8C2FC7172073513900966D31 /* Debug */ = {
			isa = XCBuildConfiguration;
			baseConfigurationReference = A3538100590C9418BE927FF7 /* Pods-SwiftLightning.debug.xcconfig */;
			buildSettings = {
				ASSETCATALOG_COMPILER_APPICON_NAME = AppIcon;
				CODE_SIGN_STYLE = Automatic;
				DEBUG_INFORMATION_FORMAT = "dwarf-with-dsym";
				DEVELOPMENT_TEAM = G37J442U66;
				ENABLE_BITCODE = NO;
				FRAMEWORK_SEARCH_PATHS = (
					"$(inherited)",
					"$(PROJECT_DIR)",
				);
				INFOPLIST_FILE = "SwiftLightning/Support Files/Info.plist";
				LD_RUNPATH_SEARCH_PATHS = (
					"$(inherited)",
					"@executable_path/Frameworks",
				);
				PRODUCT_BUNDLE_IDENTIFIER = com.BiscottiGelato.SwiftLightning;
				PRODUCT_NAME = "$(TARGET_NAME)";
				SWIFT_VERSION = 4.0;
				TARGETED_DEVICE_FAMILY = "1,2";
			};
			name = Debug;
		};
		8C2FC7182073513900966D31 /* Release */ = {
			isa = XCBuildConfiguration;
			baseConfigurationReference = 8292E2C0A97224CAF9B4332E /* Pods-SwiftLightning.release.xcconfig */;
			buildSettings = {
				ASSETCATALOG_COMPILER_APPICON_NAME = AppIcon;
				CODE_SIGN_STYLE = Automatic;
				DEVELOPMENT_TEAM = G37J442U66;
				ENABLE_BITCODE = NO;
				FRAMEWORK_SEARCH_PATHS = (
					"$(inherited)",
					"$(PROJECT_DIR)",
				);
				INFOPLIST_FILE = "SwiftLightning/Support Files/Info.plist";
				LD_RUNPATH_SEARCH_PATHS = (
					"$(inherited)",
					"@executable_path/Frameworks",
				);
				PRODUCT_BUNDLE_IDENTIFIER = com.BiscottiGelato.SwiftLightning;
				PRODUCT_NAME = "$(TARGET_NAME)";
				SWIFT_VERSION = 4.0;
				TARGETED_DEVICE_FAMILY = "1,2";
			};
			name = Release;
		};
/* End XCBuildConfiguration section */

/* Begin XCConfigurationList section */
		8C2FC6FF2073513600966D31 /* Build configuration list for PBXProject "SwiftLightning" */ = {
			isa = XCConfigurationList;
			buildConfigurations = (
				8C2FC7142073513900966D31 /* Debug */,
				8C2FC7152073513900966D31 /* Release */,
			);
			defaultConfigurationIsVisible = 0;
			defaultConfigurationName = Release;
		};
		8C2FC7162073513900966D31 /* Build configuration list for PBXNativeTarget "SwiftLightning" */ = {
			isa = XCConfigurationList;
			buildConfigurations = (
				8C2FC7172073513900966D31 /* Debug */,
				8C2FC7182073513900966D31 /* Release */,
			);
			defaultConfigurationIsVisible = 0;
			defaultConfigurationName = Release;
		};
/* End XCConfigurationList section */
	};
	rootObject = 8C2FC6FC2073513600966D31 /* Project object */;
}
