PODS:
  - BoringSSL (9.2):
    - BoringSSL/Implementation (= 9.2)
    - BoringSSL/Interface (= 9.2)
  - BoringSSL/Implementation (9.2):
    - BoringSSL/Interface (= 9.2)
  - BoringSSL/Interface (9.2)
  - CocoaLumberjack/Default (3.4.1)
  - CocoaLumberjack/Swift (3.4.1):
    - CocoaLumberjack/Default
  - Crashlytics (3.10.1):
    - Fabric (~> 1.7.5)
  - Fabric (1.7.6)
  - gRPC-Core (1.9.1):
    - gRPC-Core/Implementation (= 1.9.1)
    - gRPC-Core/Interface (= 1.9.1)
  - gRPC-Core/Implementation (1.9.1):
    - BoringSSL (~> 9.0)
    - gRPC-Core/Interface (= 1.9.1)
    - nanopb (~> 0.3)
  - gRPC-Core/Interface (1.9.1)
  - nanopb (0.3.8):
    - nanopb/decode (= 0.3.8)
    - nanopb/encode (= 0.3.8)
  - nanopb/decode (0.3.8)
  - nanopb/encode (0.3.8)
  - SnapKit (4.0.0)
  - SwiftGRPC (0.3.3):
    - BoringSSL (~> 9.1)
    - gRPC-Core (~> 1.9.1)
    - SwiftProtobuf (~> 1.0.2)
  - SwiftProtobuf (1.0.3)
  - SwiftRangeSlider (2.0.0)

DEPENDENCIES:
  - CocoaLumberjack/Swift (~> 3.4.1)
  - Crashlytics (~> 3.10)
  - Fabric (~> 1.7.6)
  - gRPC-Core (from `https://github.com/mrmage/grpc`, branch `fix-cocoapods-swift`)
  - SnapKit (~> 4.0.0)
  - SwiftGRPC (from `https://github.com/grpc/grpc-swift`)
  - SwiftProtobuf (~> 1.0)
  - SwiftRangeSlider

SPEC REPOS:
  https://github.com/cocoapods/specs.git:
    - BoringSSL
    - CocoaLumberjack
    - Crashlytics
    - Fabric
    - nanopb
    - SnapKit
    - SwiftProtobuf
    - SwiftRangeSlider

EXTERNAL SOURCES:
  gRPC-Core:
    :branch: fix-cocoapods-swift
    :git: https://github.com/mrmage/grpc
  SwiftGRPC:
    :git: https://github.com/grpc/grpc-swift

CHECKOUT OPTIONS:
  gRPC-Core:
    :commit: 21897a698fb9f69d78e928f61bd996989c5a292f
    :git: https://github.com/mrmage/grpc
  SwiftGRPC:
    :commit: 5ebf7a333c07f38b5d7a9b5da4b555734da9bccd
    :git: https://github.com/grpc/grpc-swift

SPEC CHECKSUMS:
  BoringSSL: f3d6b8ce199b9c450a8cfc14895d07a2627fc232
  CocoaLumberjack: 2e258a064cacc8eb9a2aca318e24d02a0a7fd56d
  Crashlytics: aee1a064cbbf99b32efa3f056a5f458d846bc8ff
  Fabric: f8d42c893bb187326a7968b62abe55c36a987a46
  gRPC-Core: 66413bf1f2d038a6221bc7bfcbeeaa5a117cee29
  nanopb: 5601e6bca2dbf1ed831b519092ec110f66982ca3
  SnapKit: a42d492c16e80209130a3379f73596c3454b7694
  SwiftGRPC: 4bf6815db518c7921023274a7b4bbad462786f48
  SwiftProtobuf: 5ccc0e4054e37c75800e5744acb2aa80bb72b39c
  SwiftRangeSlider: f86e3b637c961120158fa1a89277c8343845cbe4

PODFILE CHECKSUM: 83355d08edc4e7137b85bd9394d21e23e749f23f

COCOAPODS: 1.5.3
