PODS:
  - BoringSSL-GRPC (0.0.5):
    - BoringSSL-GRPC/Implementation (= 0.0.5)
    - BoringSSL-GRPC/Interface (= 0.0.5)
  - BoringSSL-GRPC/Implementation (0.0.5):
    - BoringSSL-GRPC/Interface (= 0.0.5)
  - BoringSSL-GRPC/Interface (0.0.5)
  - CocoaLumberjack/Default (3.4.2)
  - CocoaLumberjack/Swift (3.4.2):
    - CocoaLumberjack/Default
  - Crashlytics (3.10.9):
    - Fabric (~> 1.7.13)
  - Fabric (1.7.13)
  - gRPC (1.26.0):
    - gRPC/GRPCCore (= 1.26.0)
    - gRPC/Interface (= 1.26.0)
    - gRPC/Interface-Legacy (= 1.26.0)
  - gRPC-Core (1.26.0):
    - gRPC-Core/Implementation (= 1.26.0)
    - gRPC-Core/Interface (= 1.26.0)
  - gRPC-Core/Implementation (1.26.0):
    - BoringSSL-GRPC (= 0.0.5)
    - gRPC-Core/Interface (= 1.26.0)
  - gRPC-Core/Interface (1.26.0)
  - gRPC-RxLibrary (1.26.0):
    - gRPC-RxLibrary/Implementation (= 1.26.0)
    - gRPC-RxLibrary/Interface (= 1.26.0)
  - gRPC-RxLibrary/Implementation (1.26.0):
    - gRPC-RxLibrary/Interface
  - gRPC-RxLibrary/Interface (1.26.0)
  - gRPC/GRPCCore (1.26.0):
    - gRPC-Core (= 1.26.0)
    - gRPC-RxLibrary (= 1.26.0)
    - gRPC/Interface (= 1.26.0)
    - gRPC/Interface-Legacy (= 1.26.0)
  - gRPC/Interface (1.26.0):
    - gRPC/Interface-Legacy (= 1.26.0)
  - gRPC/Interface-Legacy (1.26.0):
    - gRPC-RxLibrary/Interface (= 1.26.0)
  - SnapKit (4.0.1)
  - SwiftProtobuf (1.7.0)
  - SwiftRangeSlider (2.0.0)

DEPENDENCIES:
  - CocoaLumberjack/Swift (~> 3.4.1)
  - Crashlytics (~> 3.10)
  - Fabric (~> 1.7.6)
  - gRPC (~> 1.26.0)
  - SnapKit (~> 4.0.0)
  - SwiftProtobuf (~> 1.0)
  - SwiftRangeSlider

SPEC REPOS:
  trunk:
    - BoringSSL-GRPC
    - CocoaLumberjack
    - Crashlytics
    - Fabric
    - gRPC
    - gRPC-Core
    - gRPC-RxLibrary
    - SnapKit
    - SwiftProtobuf
    - SwiftRangeSlider

SPEC CHECKSUMS:
  BoringSSL-GRPC: 8f2c6b5fbae71d1f3aabb787a52fd4929d1eef33
  CocoaLumberjack: db7cc9e464771f12054c22ff6947c5a58d43a0fd
  Crashlytics: 55e24fc23989680285a21cb1146578d9d18e432c
  Fabric: 25d0963b691fc97be566392243ff0ecef5a68338
  gRPC: 01cad0fe812eb92170a8748b7507607752350e2b
  gRPC-Core: a9f9bd0cc7fe2a2d9930b415a19f29b8062dcb52
  gRPC-RxLibrary: c1c5cfd22a05064bf05584115aee703298a9f44a
  SnapKit: 0de968a9fec17499afa29683b05d0c775b6d1c29
  SwiftProtobuf: 4fd9645e69b72cbae6ec8da5be0cdd20ca6565dd
  SwiftRangeSlider: f86e3b637c961120158fa1a89277c8343845cbe4

PODFILE CHECKSUM: e83b46c17aa1ea01d36c8a1369ed9771255aca8b

COCOAPODS: 1.8.4
